
Microsoft Visual Studio Solution File, Format Version 12.00
# Visual Studio Version 16
VisualStudioVersion = 16.0.31112.23
MinimumVisualStudioVersion = 10.0.40219.1
Project("{FAE04EC0-301F-11D3-BF4B-00C04F79EFBC}") = "PR3.1_Surgai_ZVD3", "PR3.1_Surgai_ZVD3\PR3.1_Surgai_ZVD3.csproj", "{F1944E9F-8981-4C18-8C73-4A68275EC435}"
EndProject
Global
	GlobalSection(SolutionConfigurationPlatforms) = preSolution
		Debug|Any CPU = Debug|Any CPU
		Release|Any CPU = Release|Any CPU
	EndGlobalSection
	GlobalSection(ProjectConfigurationPlatforms) = postSolution
		{F1944E9F-8981-4C18-8C73-4A68275EC435}.Debug|Any CPU.ActiveCfg = Debug|Any CPU
		{F1944E9F-8981-4C18-8C73-4A68275EC435}.Debug|Any CPU.Build.0 = Debug|Any CPU
		{F1944E9F-8981-4C18-8C73-4A68275EC435}.Release|Any CPU.ActiveCfg = Release|Any CPU
		{F1944E9F-8981-4C18-8C73-4A68275EC435}.Release|Any CPU.Build.0 = Release|Any CPU
	EndGlobalSection
	GlobalSection(SolutionProperties) = preSolution
		HideSolutionNode = FALSE
	EndGlobalSection
	GlobalSection(ExtensibilityGlobals) = postSolution
		SolutionGuid = {A90BD4D8-9140-4C69-9AB9-AFC26AE3976B}
	EndGlobalSection
EndGlobal
